
Microsoft Visual Studio Solution File, Format Version 12.00
# Visual Studio Version 17
VisualStudioVersion = 17.11.35222.181
MinimumVisualStudioVersion = 10.0.40219.1
Project("{9A19103F-16F7-4668-BE54-9A1E7A4F7556}") = "MediaApp", "MediaApp\MediaApp.csproj", "{6A4FDC03-0712-401E-961C-AC9C5110C886}"
EndProject
Project("{9A19103F-16F7-4668-BE54-9A1E7A4F7556}") = "MediaApp.BLL", "MediaApp.BLL\MediaApp.BLL.csproj", "{03538B46-AF70-4B6E-BFD0-3EBB3653FC67}"
EndProject
Project("{9A19103F-16F7-4668-BE54-9A1E7A4F7556}") = "MediaApp.DAL", "MediaApp.DAL\MediaApp.DAL.csproj", "{789ADEC5-6C64-40C0-8E74-A14A269BC991}"
EndProject
Project("{54435603-DBB4-11D2-8724-00A0C9A8B90C}") = "MediaAppSetup", "MediaAppSetup\MediaAppSetup.vdproj", "{1A234FEE-49C8-41D0-ACE3-8217EE716D27}"
EndProject
Global
	GlobalSection(SolutionConfigurationPlatforms) = preSolution
		Debug|Any CPU = Debug|Any CPU
		Release|Any CPU = Release|Any CPU
	EndGlobalSection
	GlobalSection(ProjectConfigurationPlatforms) = postSolution
		{6A4FDC03-0712-401E-961C-AC9C5110C886}.Debug|Any CPU.ActiveCfg = Debug|Any CPU
		{6A4FDC03-0712-401E-961C-AC9C5110C886}.Debug|Any CPU.Build.0 = Debug|Any CPU
		{6A4FDC03-0712-401E-961C-AC9C5110C886}.Release|Any CPU.ActiveCfg = Release|Any CPU
		{6A4FDC03-0712-401E-961C-AC9C5110C886}.Release|Any CPU.Build.0 = Release|Any CPU
		{03538B46-AF70-4B6E-BFD0-3EBB3653FC67}.Debug|Any CPU.ActiveCfg = Debug|Any CPU
		{03538B46-AF70-4B6E-BFD0-3EBB3653FC67}.Debug|Any CPU.Build.0 = Debug|Any CPU
		{03538B46-AF70-4B6E-BFD0-3EBB3653FC67}.Release|Any CPU.ActiveCfg = Release|Any CPU
		{03538B46-AF70-4B6E-BFD0-3EBB3653FC67}.Release|Any CPU.Build.0 = Release|Any CPU
		{789ADEC5-6C64-40C0-8E74-A14A269BC991}.Debug|Any CPU.ActiveCfg = Debug|Any CPU
		{789ADEC5-6C64-40C0-8E74-A14A269BC991}.Debug|Any CPU.Build.0 = Debug|Any CPU
		{789ADEC5-6C64-40C0-8E74-A14A269BC991}.Release|Any CPU.ActiveCfg = Release|Any CPU
		{789ADEC5-6C64-40C0-8E74-A14A269BC991}.Release|Any CPU.Build.0 = Release|Any CPU
		{1A234FEE-49C8-41D0-ACE3-8217EE716D27}.Debug|Any CPU.ActiveCfg = Debug
		{1A234FEE-49C8-41D0-ACE3-8217EE716D27}.Release|Any CPU.ActiveCfg = Release
	EndGlobalSection
	GlobalSection(SolutionProperties) = preSolution
		HideSolutionNode = FALSE
	EndGlobalSection
	GlobalSection(ExtensibilityGlobals) = postSolution
		SolutionGuid = {9C14188B-5F41-4B77-9466-E7855423012D}
	EndGlobalSection
EndGlobal
